
Microsoft Visual Studio Solution File, Format Version 12.00
Project("{FAE04EC0-301F-11D3-BF4B-00C04F79EFBC}") = "FibonacciBusiness", "FibonacciBusiness\FibonacciBusiness.csproj", "{6737A49C-BA6B-4DF6-8EE6-DB68973FBA73}"
EndProject
Project("{FAE04EC0-301F-11D3-BF4B-00C04F79EFBC}") = "FibonacciTest", "FibonacciTest\FibonacciTest.csproj", "{C7918F34-20D2-4446-AB9D-010FA3F417E4}"
EndProject
Project("{FAE04EC0-301F-11D3-BF4B-00C04F79EFBC}") = "FibonacciConsole", "FibonacciConsole\FibonacciConsole.csproj", "{9625ABA0-89C0-4C0D-B198-2B86085823CE}"
EndProject
Project("{FAE04EC0-301F-11D3-BF4B-00C04F79EFBC}") = "BridgeCompetition", "BridgeCompetition\BridgeCompetition.csproj", "{F4B2C483-6B84-45E0-B5E6-034DA9C71A41}"
EndProject
Project("{FAE04EC0-301F-11D3-BF4B-00C04F79EFBC}") = "BridgeCompetitionTest", "BridgeCompetitionTest\BridgeCompetitionTest.csproj", "{AC859719-5CF1-4A29-8493-9D07624FA1F6}"
EndProject
Global
	GlobalSection(SolutionConfigurationPlatforms) = preSolution
		Debug|Any CPU = Debug|Any CPU
		Release|Any CPU = Release|Any CPU
	EndGlobalSection
	GlobalSection(ProjectConfigurationPlatforms) = postSolution
		{6737A49C-BA6B-4DF6-8EE6-DB68973FBA73}.Debug|Any CPU.ActiveCfg = Debug|Any CPU
		{6737A49C-BA6B-4DF6-8EE6-DB68973FBA73}.Debug|Any CPU.Build.0 = Debug|Any CPU
		{6737A49C-BA6B-4DF6-8EE6-DB68973FBA73}.Release|Any CPU.ActiveCfg = Release|Any CPU
		{6737A49C-BA6B-4DF6-8EE6-DB68973FBA73}.Release|Any CPU.Build.0 = Release|Any CPU
		{C7918F34-20D2-4446-AB9D-010FA3F417E4}.Debug|Any CPU.ActiveCfg = Debug|Any CPU
		{C7918F34-20D2-4446-AB9D-010FA3F417E4}.Debug|Any CPU.Build.0 = Debug|Any CPU
		{C7918F34-20D2-4446-AB9D-010FA3F417E4}.Release|Any CPU.ActiveCfg = Release|Any CPU
		{C7918F34-20D2-4446-AB9D-010FA3F417E4}.Release|Any CPU.Build.0 = Release|Any CPU
		{9625ABA0-89C0-4C0D-B198-2B86085823CE}.Debug|Any CPU.ActiveCfg = Debug|Any CPU
		{9625ABA0-89C0-4C0D-B198-2B86085823CE}.Debug|Any CPU.Build.0 = Debug|Any CPU
		{9625ABA0-89C0-4C0D-B198-2B86085823CE}.Release|Any CPU.ActiveCfg = Release|Any CPU
		{9625ABA0-89C0-4C0D-B198-2B86085823CE}.Release|Any CPU.Build.0 = Release|Any CPU
		{F4B2C483-6B84-45E0-B5E6-034DA9C71A41}.Debug|Any CPU.ActiveCfg = Debug|Any CPU
		{F4B2C483-6B84-45E0-B5E6-034DA9C71A41}.Debug|Any CPU.Build.0 = Debug|Any CPU
		{F4B2C483-6B84-45E0-B5E6-034DA9C71A41}.Release|Any CPU.ActiveCfg = Release|Any CPU
		{F4B2C483-6B84-45E0-B5E6-034DA9C71A41}.Release|Any CPU.Build.0 = Release|Any CPU
		{AC859719-5CF1-4A29-8493-9D07624FA1F6}.Debug|Any CPU.ActiveCfg = Debug|Any CPU
		{AC859719-5CF1-4A29-8493-9D07624FA1F6}.Debug|Any CPU.Build.0 = Debug|Any CPU
		{AC859719-5CF1-4A29-8493-9D07624FA1F6}.Release|Any CPU.ActiveCfg = Release|Any CPU
		{AC859719-5CF1-4A29-8493-9D07624FA1F6}.Release|Any CPU.Build.0 = Release|Any CPU
	EndGlobalSection
EndGlobal
